
Microsoft Visual Studio Solution File, Format Version 12.00
# Visual Studio Version 17
VisualStudioVersion = 17.5.002.0
MinimumVisualStudioVersion = 10.0.40219.1
Project("{9A19103F-16F7-4668-BE54-9A1E7A4F7556}") = "CarvedRock.Admin", "CarvedRock.Admin.csproj", "{D864F575-34AE-48DA-A032-22A03A0CFB93}"
EndProject
Global
	GlobalSection(SolutionConfigurationPlatforms) = preSolution
		Debug|Any CPU = Debug|Any CPU
		Release|Any CPU = Release|Any CPU
	EndGlobalSection
	GlobalSection(ProjectConfigurationPlatforms) = postSolution
		{D864F575-34AE-48DA-A032-22A03A0CFB93}.Debug|Any CPU.ActiveCfg = Debug|Any CPU
		{D864F575-34AE-48DA-A032-22A03A0CFB93}.Debug|Any CPU.Build.0 = Debug|Any CPU
		{D864F575-34AE-48DA-A032-22A03A0CFB93}.Release|Any CPU.ActiveCfg = Release|Any CPU
		{D864F575-34AE-48DA-A032-22A03A0CFB93}.Release|Any CPU.Build.0 = Release|Any CPU
	EndGlobalSection
	GlobalSection(SolutionProperties) = preSolution
		HideSolutionNode = FALSE
	EndGlobalSection
	GlobalSection(ExtensibilityGlobals) = postSolution
		SolutionGuid = {4ECBA6F4-F3A9-411C-80E6-0F0643F6F024}
	EndGlobalSection
EndGlobal
